
Microsoft Visual Studio Solution File, Format Version 12.00
# Visual Studio Version 17
VisualStudioVersion = 17.13.35919.96 d17.13
MinimumVisualStudioVersion = 10.0.40219.1
Project("{FAE04EC0-301F-11D3-BF4B-00C04F79EFBC}") = "ATON", "ATON\ATON.csproj", "{DEC2646D-9CAA-4664-98FF-3ED7E4913CD5}"
EndProject
Project("{FAE04EC0-301F-11D3-BF4B-00C04F79EFBC}") = "Core", "Core\Core.csproj", "{325C13BF-7BF1-49EC-890F-6ACB38BB9BBD}"
EndProject
Project("{FAE04EC0-301F-11D3-BF4B-00C04F79EFBC}") = "DataBase", "DataBase\DataBase.csproj", "{1B02EA23-F0FC-4114-9828-0B1E15DDD613}"
EndProject
Project("{FAE04EC0-301F-11D3-BF4B-00C04F79EFBC}") = "Api", "Api\Api.csproj", "{4467A214-105B-4437-8BC1-4C23A48A42A1}"
EndProject
Project("{FAE04EC0-301F-11D3-BF4B-00C04F79EFBC}") = "Infrastructure", "Infrastructure\Infrastructure.csproj", "{60B047AD-BD54-4A6E-B7F8-28E96882C44C}"
EndProject
Global
	GlobalSection(SolutionConfigurationPlatforms) = preSolution
		Debug|Any CPU = Debug|Any CPU
		Release|Any CPU = Release|Any CPU
	EndGlobalSection
	GlobalSection(ProjectConfigurationPlatforms) = postSolution
		{DEC2646D-9CAA-4664-98FF-3ED7E4913CD5}.Debug|Any CPU.ActiveCfg = Debug|Any CPU
		{DEC2646D-9CAA-4664-98FF-3ED7E4913CD5}.Debug|Any CPU.Build.0 = Debug|Any CPU
		{DEC2646D-9CAA-4664-98FF-3ED7E4913CD5}.Release|Any CPU.ActiveCfg = Release|Any CPU
		{DEC2646D-9CAA-4664-98FF-3ED7E4913CD5}.Release|Any CPU.Build.0 = Release|Any CPU
		{325C13BF-7BF1-49EC-890F-6ACB38BB9BBD}.Debug|Any CPU.ActiveCfg = Debug|Any CPU
		{325C13BF-7BF1-49EC-890F-6ACB38BB9BBD}.Debug|Any CPU.Build.0 = Debug|Any CPU
		{325C13BF-7BF1-49EC-890F-6ACB38BB9BBD}.Release|Any CPU.ActiveCfg = Release|Any CPU
		{325C13BF-7BF1-49EC-890F-6ACB38BB9BBD}.Release|Any CPU.Build.0 = Release|Any CPU
		{1B02EA23-F0FC-4114-9828-0B1E15DDD613}.Debug|Any CPU.ActiveCfg = Debug|Any CPU
		{1B02EA23-F0FC-4114-9828-0B1E15DDD613}.Debug|Any CPU.Build.0 = Debug|Any CPU
		{1B02EA23-F0FC-4114-9828-0B1E15DDD613}.Release|Any CPU.ActiveCfg = Release|Any CPU
		{1B02EA23-F0FC-4114-9828-0B1E15DDD613}.Release|Any CPU.Build.0 = Release|Any CPU
		{4467A214-105B-4437-8BC1-4C23A48A42A1}.Debug|Any CPU.ActiveCfg = Debug|Any CPU
		{4467A214-105B-4437-8BC1-4C23A48A42A1}.Debug|Any CPU.Build.0 = Debug|Any CPU
		{4467A214-105B-4437-8BC1-4C23A48A42A1}.Release|Any CPU.ActiveCfg = Release|Any CPU
		{4467A214-105B-4437-8BC1-4C23A48A42A1}.Release|Any CPU.Build.0 = Release|Any CPU
		{60B047AD-BD54-4A6E-B7F8-28E96882C44C}.Debug|Any CPU.ActiveCfg = Debug|Any CPU
		{60B047AD-BD54-4A6E-B7F8-28E96882C44C}.Debug|Any CPU.Build.0 = Debug|Any CPU
		{60B047AD-BD54-4A6E-B7F8-28E96882C44C}.Release|Any CPU.ActiveCfg = Release|Any CPU
		{60B047AD-BD54-4A6E-B7F8-28E96882C44C}.Release|Any CPU.Build.0 = Release|Any CPU
	EndGlobalSection
	GlobalSection(SolutionProperties) = preSolution
		HideSolutionNode = FALSE
	EndGlobalSection
	GlobalSection(ExtensibilityGlobals) = postSolution
		SolutionGuid = {283642C9-2680-48BB-8BA7-AF0BF5AD278B}
	EndGlobalSection
EndGlobal
